
Microsoft Visual Studio Solution File, Format Version 12.00
# Visual Studio Version 16
VisualStudioVersion = 16.0.31019.35
MinimumVisualStudioVersion = 10.0.40219.1
Project("{FAE04EC0-301F-11D3-BF4B-00C04F79EFBC}") = "Project 1", "Project 1\Project 1.csproj", "{98EED783-FD6B-4B9E-B274-3AADBDBA98DC}"
EndProject
Global
	GlobalSection(SolutionConfigurationPlatforms) = preSolution
		Debug|Any CPU = Debug|Any CPU
		Release|Any CPU = Release|Any CPU
	EndGlobalSection
	GlobalSection(ProjectConfigurationPlatforms) = postSolution
		{98EED783-FD6B-4B9E-B274-3AADBDBA98DC}.Debug|Any CPU.ActiveCfg = Debug|Any CPU
		{98EED783-FD6B-4B9E-B274-3AADBDBA98DC}.Debug|Any CPU.Build.0 = Debug|Any CPU
		{98EED783-FD6B-4B9E-B274-3AADBDBA98DC}.Release|Any CPU.ActiveCfg = Release|Any CPU
		{98EED783-FD6B-4B9E-B274-3AADBDBA98DC}.Release|Any CPU.Build.0 = Release|Any CPU
	EndGlobalSection
	GlobalSection(SolutionProperties) = preSolution
		HideSolutionNode = FALSE
	EndGlobalSection
	GlobalSection(ExtensibilityGlobals) = postSolution
		SolutionGuid = {BC7CCD3D-EC62-466D-9E55-936A9E6DE767}
	EndGlobalSection
EndGlobal
